// !$*UTF8*$!
{
	archiveVersion = 1;
	classes = {
	};
	objectVersion = 46;
	objects = {

/* Begin PBXBuildFile section */
		9FAC74431D7319420000C35B /* SelfPrint.cpp in Sources */ = {isa = PBXBuildFile; fileRef = 9FAC74421D7319420000C35B /* SelfPrint.cpp */; };
		9FAC744A1D731A600000C35B /* MedianInTwoSortedArrays.cpp in Sources */ = {isa = PBXBuildFile; fileRef = 9FAC74491D731A600000C35B /* MedianInTwoSortedArrays.cpp */; };
		9FAC744C1D73A6410000C35B /* MergeKSortedLists.cpp in Sources */ = {isa = PBXBuildFile; fileRef = 9FAC744B1D73A6410000C35B /* MergeKSortedLists.cpp */; };
		9FAC744E1D73CEC50000C35B /* LargestSequenceSum.cpp in Sources */ = {isa = PBXBuildFile; fileRef = 9FAC744D1D73CEC50000C35B /* LargestSequenceSum.cpp */; };
		9FAC74501D747A070000C35B /* SortNPairs.cpp in Sources */ = {isa = PBXBuildFile; fileRef = 9FAC744F1D747A070000C35B /* SortNPairs.cpp */; };
		9FE136DD1D89114000549166 /* QuickSelection.cpp in Sources */ = {isa = PBXBuildFile; fileRef = 9FE136DB1D89114000549166 /* QuickSelection.cpp */; };
/* End PBXBuildFile section */

/* Begin PBXCopyFilesBuildPhase section */
		9FAC743D1D7319420000C35B /* CopyFiles */ = {
			isa = PBXCopyFilesBuildPhase;
			buildActionMask = 2147483647;
			dstPath = /usr/share/man/man1/;
			dstSubfolderSpec = 0;
			files = (
			);
			runOnlyForDeploymentPostprocessing = 1;
		};
/* End PBXCopyFilesBuildPhase section */

/* Begin PBXFileReference section */
		9F99FF991D772E0B005EC8BE /* RandomlyPermutingArrayOfN.rtf */ = {isa = PBXFileReference; fileEncoding = 4; lastKnownFileType = text.rtf; path = RandomlyPermutingArrayOfN.rtf; sourceTree = "<group>"; };
		9FAC743F1D7319420000C35B /* ProblemSet */ = {isa = PBXFileReference; explicitFileType = "compiled.mach-o.executable"; includeInIndex = 0; path = ProblemSet; sourceTree = BUILT_PRODUCTS_DIR; };
		9FAC74421D7319420000C35B /* SelfPrint.cpp */ = {isa = PBXFileReference; lastKnownFileType = sourcecode.cpp.cpp; path = SelfPrint.cpp; sourceTree = "<group>"; };
		9FAC74491D731A600000C35B /* MedianInTwoSortedArrays.cpp */ = {isa = PBXFileReference; fileEncoding = 4; lastKnownFileType = sourcecode.cpp.cpp; path = MedianInTwoSortedArrays.cpp; sourceTree = "<group>"; };
		9FAC744B1D73A6410000C35B /* MergeKSortedLists.cpp */ = {isa = PBXFileReference; fileEncoding = 4; lastKnownFileType = sourcecode.cpp.cpp; path = MergeKSortedLists.cpp; sourceTree = "<group>"; };
		9FAC744D1D73CEC50000C35B /* LargestSequenceSum.cpp */ = {isa = PBXFileReference; fileEncoding = 4; lastKnownFileType = sourcecode.cpp.cpp; path = LargestSequenceSum.cpp; sourceTree = "<group>"; };
		9FAC744F1D747A070000C35B /* SortNPairs.cpp */ = {isa = PBXFileReference; fileEncoding = 4; lastKnownFileType = sourcecode.cpp.cpp; path = SortNPairs.cpp; sourceTree = "<group>"; };
		9FE136DB1D89114000549166 /* QuickSelection.cpp */ = {isa = PBXFileReference; fileEncoding = 4; lastKnownFileType = sourcecode.cpp.cpp; path = QuickSelection.cpp; sourceTree = "<group>"; };
/* End PBXFileReference section */

/* Begin PBXFrameworksBuildPhase section */
		9FAC743C1D7319420000C35B /* Frameworks */ = {
			isa = PBXFrameworksBuildPhase;
			buildActionMask = 2147483647;
			files = (
			);
			runOnlyForDeploymentPostprocessing = 0;
		};
/* End PBXFrameworksBuildPhase section */

/* Begin PBXGroup section */
		9FAC74361D7319420000C35B = {
			isa = PBXGroup;
			children = (
				9FAC74411D7319420000C35B /* ProblemSet */,
				9FAC74401D7319420000C35B /* Products */,
			);
			sourceTree = "<group>";
		};
		9FAC74401D7319420000C35B /* Products */ = {
			isa = PBXGroup;
			children = (
				9FAC743F1D7319420000C35B /* ProblemSet */,
			);
			name = Products;
			sourceTree = "<group>";
		};
		9FAC74411D7319420000C35B /* ProblemSet */ = {
			isa = PBXGroup;
			children = (
				9FAC74421D7319420000C35B /* SelfPrint.cpp */,
				9FAC74491D731A600000C35B /* MedianInTwoSortedArrays.cpp */,
				9FAC744B1D73A6410000C35B /* MergeKSortedLists.cpp */,
				9FAC744D1D73CEC50000C35B /* LargestSequenceSum.cpp */,
				9FAC744F1D747A070000C35B /* SortNPairs.cpp */,
				9F99FF991D772E0B005EC8BE /* RandomlyPermutingArrayOfN.rtf */,
				9FE136DB1D89114000549166 /* QuickSelection.cpp */,
			);
			path = ProblemSet;
			sourceTree = "<group>";
		};
/* End PBXGroup section */

/* Begin PBXNativeTarget section */
		9FAC743E1D7319420000C35B /* ProblemSet */ = {
			isa = PBXNativeTarget;
			buildConfigurationList = 9FAC74461D7319420000C35B /* Build configuration list for PBXNativeTarget "ProblemSet" */;
			buildPhases = (
				9FAC743B1D7319420000C35B /* Sources */,
				9FAC743C1D7319420000C35B /* Frameworks */,
				9FAC743D1D7319420000C35B /* CopyFiles */,
			);
			buildRules = (
			);
			dependencies = (
			);
			name = ProblemSet;
			productName = ProblemSet;
			productReference = 9FAC743F1D7319420000C35B /* ProblemSet */;
			productType = "com.apple.product-type.tool";
		};
/* End PBXNativeTarget section */

/* Begin PBXProject section */
		9FAC74371D7319420000C35B /* Project object */ = {
			isa = PBXProject;
			attributes = {
				LastUpgradeCheck = 0730;
				ORGANIZATIONNAME = Neil;
				TargetAttributes = {
					9FAC743E1D7319420000C35B = {
						CreatedOnToolsVersion = 7.3.1;
					};
				};
			};
			buildConfigurationList = 9FAC743A1D7319420000C35B /* Build configuration list for PBXProject "ProblemSet" */;
			compatibilityVersion = "Xcode 3.2";
			developmentRegion = English;
			hasScannedForEncodings = 0;
			knownRegions = (
				en,
			);
			mainGroup = 9FAC74361D7319420000C35B;
			productRefGroup = 9FAC74401D7319420000C35B /* Products */;
			projectDirPath = "";
			projectRoot = "";
			targets = (
				9FAC743E1D7319420000C35B /* ProblemSet */,
			);
		};
/* End PBXProject section */

/* Begin PBXSourcesBuildPhase section */
		9FAC743B1D7319420000C35B /* Sources */ = {
			isa = PBXSourcesBuildPhase;
			buildActionMask = 2147483647;
			files = (
				9FAC744C1D73A6410000C35B /* MergeKSortedLists.cpp in Sources */,
				9FAC744A1D731A600000C35B /* MedianInTwoSortedArrays.cpp in Sources */,
				9FE136DD1D89114000549166 /* QuickSelection.cpp in Sources */,
				9FAC74431D7319420000C35B /* SelfPrint.cpp in Sources */,
				9FAC744E1D73CEC50000C35B /* LargestSequenceSum.cpp in Sources */,
				9FAC74501D747A070000C35B /* SortNPairs.cpp in Sources */,
			);
			runOnlyForDeploymentPostprocessing = 0;
		};
/* End PBXSourcesBuildPhase section */

/* Begin XCBuildConfiguration section */
		9FAC74441D7319420000C35B /* Debug */ = {
			isa = XCBuildConfiguration;
			buildSettings = {
				ALWAYS_SEARCH_USER_PATHS = NO;
				CLANG_ANALYZER_NONNULL = YES;
				CLANG_CXX_LANGUAGE_STANDARD = "gnu++0x";
				CLANG_CXX_LIBRARY = "libc++";
				CLANG_ENABLE_MODULES = YES;
				CLANG_ENABLE_OBJC_ARC = YES;
				CLANG_WARN_BOOL_CONVERSION = YES;
				CLANG_WARN_CONSTANT_CONVERSION = YES;
				CLANG_WARN_DIRECT_OBJC_ISA_USAGE = YES_ERROR;
				CLANG_WARN_EMPTY_BODY = YES;
				CLANG_WARN_ENUM_CONVERSION = YES;
				CLANG_WARN_INT_CONVERSION = YES;
				CLANG_WARN_OBJC_ROOT_CLASS = YES_ERROR;
				CLANG_WARN_UNREACHABLE_CODE = YES;
				CLANG_WARN__DUPLICATE_METHOD_MATCH = YES;
				CODE_SIGN_IDENTITY = "-";
				COPY_PHASE_STRIP = NO;
				DEBUG_INFORMATION_FORMAT = dwarf;
				ENABLE_STRICT_OBJC_MSGSEND = YES;
				ENABLE_TESTABILITY = YES;
				GCC_C_LANGUAGE_STANDARD = gnu99;
				GCC_DYNAMIC_NO_PIC = NO;
				GCC_NO_COMMON_BLOCKS = YES;
				GCC_OPTIMIZATION_LEVEL = 0;
				GCC_PREPROCESSOR_DEFINITIONS = (
					"DEBUG=1",
					"$(inherited)",
				);
				GCC_WARN_64_TO_32_BIT_CONVERSION = YES;
				GCC_WARN_ABOUT_RETURN_TYPE = YES_ERROR;
				GCC_WARN_UNDECLARED_SELECTOR = YES;
				GCC_WARN_UNINITIALIZED_AUTOS = YES_AGGRESSIVE;
				GCC_WARN_UNUSED_FUNCTION = YES;
				GCC_WARN_UNUSED_VARIABLE = YES;
				MACOSX_DEPLOYMENT_TARGET = 10.11;
				MTL_ENABLE_DEBUG_INFO = YES;
				ONLY_ACTIVE_ARCH = YES;
				SDKROOT = macosx;
			};
			name = Debug;
		};
		9FAC74451D7319420000C35B /* Release */ = {
			isa = XCBuildConfiguration;
			buildSettings = {
				ALWAYS_SEARCH_USER_PATHS = NO;
				CLANG_ANALYZER_NONNULL = YES;
				CLANG_CXX_LANGUAGE_STANDARD = "gnu++0x";
				CLANG_CXX_LIBRARY = "libc++";
				CLANG_ENABLE_MODULES = YES;
				CLANG_ENABLE_OBJC_ARC = YES;
				CLANG_WARN_BOOL_CONVERSION = YES;
				CLANG_WARN_CONSTANT_CONVERSION = YES;
				CLANG_WARN_DIRECT_OBJC_ISA_USAGE = YES_ERROR;
				CLANG_WARN_EMPTY_BODY = YES;
				CLANG_WARN_ENUM_CONVERSION = YES;
				CLANG_WARN_INT_CONVERSION = YES;
				CLANG_WARN_OBJC_ROOT_CLASS = YES_ERROR;
				CLANG_WARN_UNREACHABLE_CODE = YES;
				CLANG_WARN__DUPLICATE_METHOD_MATCH = YES;
				CODE_SIGN_IDENTITY = "-";
				COPY_PHASE_STRIP = NO;
				DEBUG_INFORMATION_FORMAT = "dwarf-with-dsym";
				ENABLE_NS_ASSERTIONS = NO;
				ENABLE_STRICT_OBJC_MSGSEND = YES;
				GCC_C_LANGUAGE_STANDARD = gnu99;
				GCC_NO_COMMON_BLOCKS = YES;
				GCC_WARN_64_TO_32_BIT_CONVERSION = YES;
				GCC_WARN_ABOUT_RETURN_TYPE = YES_ERROR;
				GCC_WARN_UNDECLARED_SELECTOR = YES;
				GCC_WARN_UNINITIALIZED_AUTOS = YES_AGGRESSIVE;
				GCC_WARN_UNUSED_FUNCTION = YES;
				GCC_WARN_UNUSED_VARIABLE = YES;
				MACOSX_DEPLOYMENT_TARGET = 10.11;
				MTL_ENABLE_DEBUG_INFO = NO;
				SDKROOT = macosx;
			};
			name = Release;
		};
		9FAC74471D7319420000C35B /* Debug */ = {
			isa = XCBuildConfiguration;
			buildSettings = {
				PRODUCT_NAME = "$(TARGET_NAME)";
			};
			name = Debug;
		};
		9FAC74481D7319420000C35B /* Release */ = {
			isa = XCBuildConfiguration;
			buildSettings = {
				PRODUCT_NAME = "$(TARGET_NAME)";
			};
			name = Release;
		};
/* End XCBuildConfiguration section */

/* Begin XCConfigurationList section */
		9FAC743A1D7319420000C35B /* Build configuration list for PBXProject "ProblemSet" */ = {
			isa = XCConfigurationList;
			buildConfigurations = (
				9FAC74441D7319420000C35B /* Debug */,
				9FAC74451D7319420000C35B /* Release */,
			);
			defaultConfigurationIsVisible = 0;
			defaultConfigurationName = Release;
		};
		9FAC74461D7319420000C35B /* Build configuration list for PBXNativeTarget "ProblemSet" */ = {
			isa = XCConfigurationList;
			buildConfigurations = (
				9FAC74471D7319420000C35B /* Debug */,
				9FAC74481D7319420000C35B /* Release */,
			);
			defaultConfigurationIsVisible = 0;
			defaultConfigurationName = Release;
		};
/* End XCConfigurationList section */
	};
	rootObject = 9FAC74371D7319420000C35B /* Project object */;
}
